PODS:
  - FBSnapshotTestCase (2.1.4):
    - FBSnapshotTestCase/SwiftSupport (= 2.1.4)
  - FBSnapshotTestCase/Core (2.1.4)
  - FBSnapshotTestCase/SwiftSupport (2.1.4):
    - FBSnapshotTestCase/Core
  - MYNetWorking (0.1.0)

DEPENDENCIES:
  - FBSnapshotTestCase
  - MYNetWorking (from `../`)

SPEC REPOS:
  trunk:
    - FBSnapshotTestCase

EXTERNAL SOURCES:
  MYNetWorking:
    :path: "../"

SPEC CHECKSUMS:
  FBSnapshotTestCase: 094f9f314decbabe373b87cc339bea235a63e07a
  MYNetWorking: d743da6f7f1c379605bf872d15fbdbf9c429153b

PODFILE CHECKSUM: aef447f4c1c45aa1760256125fd3bced2c3d6594

COCOAPODS: 1.8.4
